
Microsoft Visual Studio Solution File, Format Version 12.00
# Visual Studio Version 17
VisualStudioVersion = 17.4.33213.308
MinimumVisualStudioVersion = 10.0.40219.1
Project("{FAE04EC0-301F-11D3-BF4B-00C04F79EFBC}") = "Question_4", "Question_4\Question_4.csproj", "{F218B4CB-D7D5-4260-8EEE-562D7AB9B6F9}"
EndProject
Global
	GlobalSection(SolutionConfigurationPlatforms) = preSolution
		Debug|Any CPU = Debug|Any CPU
		Release|Any CPU = Release|Any CPU
	EndGlobalSection
	GlobalSection(ProjectConfigurationPlatforms) = postSolution
		{F218B4CB-D7D5-4260-8EEE-562D7AB9B6F9}.Debug|Any CPU.ActiveCfg = Debug|Any CPU
		{F218B4CB-D7D5-4260-8EEE-562D7AB9B6F9}.Debug|Any CPU.Build.0 = Debug|Any CPU
		{F218B4CB-D7D5-4260-8EEE-562D7AB9B6F9}.Release|Any CPU.ActiveCfg = Release|Any CPU
		{F218B4CB-D7D5-4260-8EEE-562D7AB9B6F9}.Release|Any CPU.Build.0 = Release|Any CPU
	EndGlobalSection
	GlobalSection(SolutionProperties) = preSolution
		HideSolutionNode = FALSE
	EndGlobalSection
	GlobalSection(ExtensibilityGlobals) = postSolution
		SolutionGuid = {31851158-6F0D-4E3D-8E8D-AE38E0AC089E}
	EndGlobalSection
EndGlobal
