
Microsoft Visual Studio Solution File, Format Version 12.00
# Visual Studio Version 17
VisualStudioVersion = 17.4.33213.308
MinimumVisualStudioVersion = 10.0.40219.1
Project("{FAE04EC0-301F-11D3-BF4B-00C04F79EFBC}") = "summation_project", "summation_project\summation_project.csproj", "{A7EA8E44-5078-4B65-8962-A36AE2596C85}"
EndProject
Global
	GlobalSection(SolutionConfigurationPlatforms) = preSolution
		Debug|Any CPU = Debug|Any CPU
		Release|Any CPU = Release|Any CPU
	EndGlobalSection
	GlobalSection(ProjectConfigurationPlatforms) = postSolution
		{A7EA8E44-5078-4B65-8962-A36AE2596C85}.Debug|Any CPU.ActiveCfg = Debug|Any CPU
		{A7EA8E44-5078-4B65-8962-A36AE2596C85}.Debug|Any CPU.Build.0 = Debug|Any CPU
		{A7EA8E44-5078-4B65-8962-A36AE2596C85}.Release|Any CPU.ActiveCfg = Release|Any CPU
		{A7EA8E44-5078-4B65-8962-A36AE2596C85}.Release|Any CPU.Build.0 = Release|Any CPU
	EndGlobalSection
	GlobalSection(SolutionProperties) = preSolution
		HideSolutionNode = FALSE
	EndGlobalSection
	GlobalSection(ExtensibilityGlobals) = postSolution
		SolutionGuid = {83F40F6E-D9A0-41FA-A3BC-96EC1C876545}
	EndGlobalSection
EndGlobal
