
Microsoft Visual Studio Solution File, Format Version 12.00
# Visual Studio Version 17
VisualStudioVersion = 17.4.33213.308
MinimumVisualStudioVersion = 10.0.40219.1
Project("{FAE04EC0-301F-11D3-BF4B-00C04F79EFBC}") = "Question_11", "Question_11\Question_11.csproj", "{EF3D4C8C-E896-4F61-9EBB-6B2F31031F34}"
EndProject
Global
	GlobalSection(SolutionConfigurationPlatforms) = preSolution
		Debug|Any CPU = Debug|Any CPU
		Release|Any CPU = Release|Any CPU
	EndGlobalSection
	GlobalSection(ProjectConfigurationPlatforms) = postSolution
		{EF3D4C8C-E896-4F61-9EBB-6B2F31031F34}.Debug|Any CPU.ActiveCfg = Debug|Any CPU
		{EF3D4C8C-E896-4F61-9EBB-6B2F31031F34}.Debug|Any CPU.Build.0 = Debug|Any CPU
		{EF3D4C8C-E896-4F61-9EBB-6B2F31031F34}.Release|Any CPU.ActiveCfg = Release|Any CPU
		{EF3D4C8C-E896-4F61-9EBB-6B2F31031F34}.Release|Any CPU.Build.0 = Release|Any CPU
	EndGlobalSection
	GlobalSection(SolutionProperties) = preSolution
		HideSolutionNode = FALSE
	EndGlobalSection
	GlobalSection(ExtensibilityGlobals) = postSolution
		SolutionGuid = {FBD09544-81FA-417C-9E2E-285981F9DCA4}
	EndGlobalSection
EndGlobal
