
Microsoft Visual Studio Solution File, Format Version 12.00
# Visual Studio Version 17
VisualStudioVersion = 17.4.33213.308
MinimumVisualStudioVersion = 10.0.40219.1
Project("{FAE04EC0-301F-11D3-BF4B-00C04F79EFBC}") = "Question_6", "Question_6\Question_6.csproj", "{7BE653E6-DC0C-48C2-9597-F53BE2D4580B}"
EndProject
Global
	GlobalSection(SolutionConfigurationPlatforms) = preSolution
		Debug|Any CPU = Debug|Any CPU
		Release|Any CPU = Release|Any CPU
	EndGlobalSection
	GlobalSection(ProjectConfigurationPlatforms) = postSolution
		{7BE653E6-DC0C-48C2-9597-F53BE2D4580B}.Debug|Any CPU.ActiveCfg = Debug|Any CPU
		{7BE653E6-DC0C-48C2-9597-F53BE2D4580B}.Debug|Any CPU.Build.0 = Debug|Any CPU
		{7BE653E6-DC0C-48C2-9597-F53BE2D4580B}.Release|Any CPU.ActiveCfg = Release|Any CPU
		{7BE653E6-DC0C-48C2-9597-F53BE2D4580B}.Release|Any CPU.Build.0 = Release|Any CPU
	EndGlobalSection
	GlobalSection(SolutionProperties) = preSolution
		HideSolutionNode = FALSE
	EndGlobalSection
	GlobalSection(ExtensibilityGlobals) = postSolution
		SolutionGuid = {CF639989-58B5-41BA-ADA5-44250A52A47C}
	EndGlobalSection
EndGlobal
