
Microsoft Visual Studio Solution File, Format Version 12.00
# Visual Studio Version 17
VisualStudioVersion = 17.4.33213.308
MinimumVisualStudioVersion = 10.0.40219.1
Project("{FAE04EC0-301F-11D3-BF4B-00C04F79EFBC}") = "Q_5", "Q_5\Q_5.csproj", "{2ABD3604-BC93-4019-BC56-8CFDB5A036C2}"
EndProject
Global
	GlobalSection(SolutionConfigurationPlatforms) = preSolution
		Debug|Any CPU = Debug|Any CPU
		Release|Any CPU = Release|Any CPU
	EndGlobalSection
	GlobalSection(ProjectConfigurationPlatforms) = postSolution
		{2ABD3604-BC93-4019-BC56-8CFDB5A036C2}.Debug|Any CPU.ActiveCfg = Debug|Any CPU
		{2ABD3604-BC93-4019-BC56-8CFDB5A036C2}.Debug|Any CPU.Build.0 = Debug|Any CPU
		{2ABD3604-BC93-4019-BC56-8CFDB5A036C2}.Release|Any CPU.ActiveCfg = Release|Any CPU
		{2ABD3604-BC93-4019-BC56-8CFDB5A036C2}.Release|Any CPU.Build.0 = Release|Any CPU
	EndGlobalSection
	GlobalSection(SolutionProperties) = preSolution
		HideSolutionNode = FALSE
	EndGlobalSection
	GlobalSection(ExtensibilityGlobals) = postSolution
		SolutionGuid = {0851F380-2442-448F-BDFF-B68F57C9594D}
	EndGlobalSection
EndGlobal
