
Microsoft Visual Studio Solution File, Format Version 12.00
# Visual Studio Version 17
VisualStudioVersion = 17.4.33213.308
MinimumVisualStudioVersion = 10.0.40219.1
Project("{FAE04EC0-301F-11D3-BF4B-00C04F79EFBC}") = "part_I", "part_I\part_I.csproj", "{A1036D1B-7258-4399-AB20-098E57009380}"
EndProject
Project("{FAE04EC0-301F-11D3-BF4B-00C04F79EFBC}") = "part_II", "part_II\part_II.csproj", "{69EAC88F-0DD9-4348-A8E0-A763355535DA}"
EndProject
Project("{FAE04EC0-301F-11D3-BF4B-00C04F79EFBC}") = "part_III", "part_III\part_III.csproj", "{7ED9E0EC-918C-4BDC-BB7C-DF8C7EEB8572}"
EndProject
Project("{FAE04EC0-301F-11D3-BF4B-00C04F79EFBC}") = "part_IV", "part_IV\part_IV.csproj", "{C39B95D2-71B3-4C64-B50B-9E29A1D9263C}"
EndProject
Project("{FAE04EC0-301F-11D3-BF4B-00C04F79EFBC}") = "part_V", "part_V\part_V.csproj", "{CDB7BC25-3FD7-41D9-BDAB-A15DAB935413}"
EndProject
Global
	GlobalSection(SolutionConfigurationPlatforms) = preSolution
		Debug|Any CPU = Debug|Any CPU
		Release|Any CPU = Release|Any CPU
	EndGlobalSection
	GlobalSection(ProjectConfigurationPlatforms) = postSolution
		{A1036D1B-7258-4399-AB20-098E57009380}.Debug|Any CPU.ActiveCfg = Debug|Any CPU
		{A1036D1B-7258-4399-AB20-098E57009380}.Debug|Any CPU.Build.0 = Debug|Any CPU
		{A1036D1B-7258-4399-AB20-098E57009380}.Release|Any CPU.ActiveCfg = Release|Any CPU
		{A1036D1B-7258-4399-AB20-098E57009380}.Release|Any CPU.Build.0 = Release|Any CPU
		{69EAC88F-0DD9-4348-A8E0-A763355535DA}.Debug|Any CPU.ActiveCfg = Debug|Any CPU
		{69EAC88F-0DD9-4348-A8E0-A763355535DA}.Debug|Any CPU.Build.0 = Debug|Any CPU
		{69EAC88F-0DD9-4348-A8E0-A763355535DA}.Release|Any CPU.ActiveCfg = Release|Any CPU
		{69EAC88F-0DD9-4348-A8E0-A763355535DA}.Release|Any CPU.Build.0 = Release|Any CPU
		{7ED9E0EC-918C-4BDC-BB7C-DF8C7EEB8572}.Debug|Any CPU.ActiveCfg = Debug|Any CPU
		{7ED9E0EC-918C-4BDC-BB7C-DF8C7EEB8572}.Debug|Any CPU.Build.0 = Debug|Any CPU
		{7ED9E0EC-918C-4BDC-BB7C-DF8C7EEB8572}.Release|Any CPU.ActiveCfg = Release|Any CPU
		{7ED9E0EC-918C-4BDC-BB7C-DF8C7EEB8572}.Release|Any CPU.Build.0 = Release|Any CPU
		{C39B95D2-71B3-4C64-B50B-9E29A1D9263C}.Debug|Any CPU.ActiveCfg = Debug|Any CPU
		{C39B95D2-71B3-4C64-B50B-9E29A1D9263C}.Debug|Any CPU.Build.0 = Debug|Any CPU
		{C39B95D2-71B3-4C64-B50B-9E29A1D9263C}.Release|Any CPU.ActiveCfg = Release|Any CPU
		{C39B95D2-71B3-4C64-B50B-9E29A1D9263C}.Release|Any CPU.Build.0 = Release|Any CPU
		{CDB7BC25-3FD7-41D9-BDAB-A15DAB935413}.Debug|Any CPU.ActiveCfg = Debug|Any CPU
		{CDB7BC25-3FD7-41D9-BDAB-A15DAB935413}.Debug|Any CPU.Build.0 = Debug|Any CPU
		{CDB7BC25-3FD7-41D9-BDAB-A15DAB935413}.Release|Any CPU.ActiveCfg = Release|Any CPU
		{CDB7BC25-3FD7-41D9-BDAB-A15DAB935413}.Release|Any CPU.Build.0 = Release|Any CPU
	EndGlobalSection
	GlobalSection(SolutionProperties) = preSolution
		HideSolutionNode = FALSE
	EndGlobalSection
	GlobalSection(ExtensibilityGlobals) = postSolution
		SolutionGuid = {595ADA88-12FF-45F6-8FAC-9E2D1F84DB5E}
	EndGlobalSection
EndGlobal
