
Microsoft Visual Studio Solution File, Format Version 12.00
# Visual Studio Version 17
VisualStudioVersion = 17.4.33213.308
MinimumVisualStudioVersion = 10.0.40219.1
Project("{FAE04EC0-301F-11D3-BF4B-00C04F79EFBC}") = "Question_4E", "Question_4E\Question_4E.csproj", "{635BF346-8CBD-4388-BBE8-F680E35A5601}"
EndProject
Global
	GlobalSection(SolutionConfigurationPlatforms) = preSolution
		Debug|Any CPU = Debug|Any CPU
		Release|Any CPU = Release|Any CPU
	EndGlobalSection
	GlobalSection(ProjectConfigurationPlatforms) = postSolution
		{635BF346-8CBD-4388-BBE8-F680E35A5601}.Debug|Any CPU.ActiveCfg = Debug|Any CPU
		{635BF346-8CBD-4388-BBE8-F680E35A5601}.Debug|Any CPU.Build.0 = Debug|Any CPU
		{635BF346-8CBD-4388-BBE8-F680E35A5601}.Release|Any CPU.ActiveCfg = Release|Any CPU
		{635BF346-8CBD-4388-BBE8-F680E35A5601}.Release|Any CPU.Build.0 = Release|Any CPU
	EndGlobalSection
	GlobalSection(SolutionProperties) = preSolution
		HideSolutionNode = FALSE
	EndGlobalSection
	GlobalSection(ExtensibilityGlobals) = postSolution
		SolutionGuid = {FAF5AB9C-2A93-4508-8B7C-4E7B6048FF6B}
	EndGlobalSection
EndGlobal
