
Microsoft Visual Studio Solution File, Format Version 12.00
# Visual Studio Version 17
VisualStudioVersion = 17.4.33213.308
MinimumVisualStudioVersion = 10.0.40219.1
Project("{FAE04EC0-301F-11D3-BF4B-00C04F79EFBC}") = "array_assignments", "array_assignments\array_assignments.csproj", "{53FF52C3-15C4-4DF5-8023-EB20A9CC520E}"
EndProject
Global
	GlobalSection(SolutionConfigurationPlatforms) = preSolution
		Debug|Any CPU = Debug|Any CPU
		Release|Any CPU = Release|Any CPU
	EndGlobalSection
	GlobalSection(ProjectConfigurationPlatforms) = postSolution
		{53FF52C3-15C4-4DF5-8023-EB20A9CC520E}.Debug|Any CPU.ActiveCfg = Debug|Any CPU
		{53FF52C3-15C4-4DF5-8023-EB20A9CC520E}.Debug|Any CPU.Build.0 = Debug|Any CPU
		{53FF52C3-15C4-4DF5-8023-EB20A9CC520E}.Release|Any CPU.ActiveCfg = Release|Any CPU
		{53FF52C3-15C4-4DF5-8023-EB20A9CC520E}.Release|Any CPU.Build.0 = Release|Any CPU
	EndGlobalSection
	GlobalSection(SolutionProperties) = preSolution
		HideSolutionNode = FALSE
	EndGlobalSection
	GlobalSection(ExtensibilityGlobals) = postSolution
		SolutionGuid = {9761D68E-A09A-42E4-B95A-3BAC5FD51421}
	EndGlobalSection
EndGlobal
