
Microsoft Visual Studio Solution File, Format Version 12.00
# Visual Studio Version 17
VisualStudioVersion = 17.4.33213.308
MinimumVisualStudioVersion = 10.0.40219.1
Project("{FAE04EC0-301F-11D3-BF4B-00C04F79EFBC}") = "Question_1C", "Question_1C\Question_1C.csproj", "{782DB6E1-66D4-43B0-BCAA-D047E30655D6}"
EndProject
Project("{FAE04EC0-301F-11D3-BF4B-00C04F79EFBC}") = "Question_2A", "Question_2A\Question_2A.csproj", "{898C3B5A-A031-4CAC-9C6B-2732DABE398C}"
EndProject
Project("{FAE04EC0-301F-11D3-BF4B-00C04F79EFBC}") = "Question_3", "Question_3\Question_3.csproj", "{BEC4349C-CC5D-49F9-8108-8077C6D2AB86}"
EndProject
Project("{FAE04EC0-301F-11D3-BF4B-00C04F79EFBC}") = "Question_4B", "Question_4B\Question_4B.csproj", "{20176673-8A02-4D34-82D5-EEF81AD1F501}"
EndProject
Project("{FAE04EC0-301F-11D3-BF4B-00C04F79EFBC}") = "Question_5", "Question_5\Question_5.csproj", "{303E53EB-8D00-4D35-BD2A-3FB36951F29B}"
EndProject
Global
	GlobalSection(SolutionConfigurationPlatforms) = preSolution
		Debug|Any CPU = Debug|Any CPU
		Release|Any CPU = Release|Any CPU
	EndGlobalSection
	GlobalSection(ProjectConfigurationPlatforms) = postSolution
		{782DB6E1-66D4-43B0-BCAA-D047E30655D6}.Debug|Any CPU.ActiveCfg = Debug|Any CPU
		{782DB6E1-66D4-43B0-BCAA-D047E30655D6}.Debug|Any CPU.Build.0 = Debug|Any CPU
		{782DB6E1-66D4-43B0-BCAA-D047E30655D6}.Release|Any CPU.ActiveCfg = Release|Any CPU
		{782DB6E1-66D4-43B0-BCAA-D047E30655D6}.Release|Any CPU.Build.0 = Release|Any CPU
		{898C3B5A-A031-4CAC-9C6B-2732DABE398C}.Debug|Any CPU.ActiveCfg = Debug|Any CPU
		{898C3B5A-A031-4CAC-9C6B-2732DABE398C}.Debug|Any CPU.Build.0 = Debug|Any CPU
		{898C3B5A-A031-4CAC-9C6B-2732DABE398C}.Release|Any CPU.ActiveCfg = Release|Any CPU
		{898C3B5A-A031-4CAC-9C6B-2732DABE398C}.Release|Any CPU.Build.0 = Release|Any CPU
		{BEC4349C-CC5D-49F9-8108-8077C6D2AB86}.Debug|Any CPU.ActiveCfg = Debug|Any CPU
		{BEC4349C-CC5D-49F9-8108-8077C6D2AB86}.Debug|Any CPU.Build.0 = Debug|Any CPU
		{BEC4349C-CC5D-49F9-8108-8077C6D2AB86}.Release|Any CPU.ActiveCfg = Release|Any CPU
		{BEC4349C-CC5D-49F9-8108-8077C6D2AB86}.Release|Any CPU.Build.0 = Release|Any CPU
		{20176673-8A02-4D34-82D5-EEF81AD1F501}.Debug|Any CPU.ActiveCfg = Debug|Any CPU
		{20176673-8A02-4D34-82D5-EEF81AD1F501}.Debug|Any CPU.Build.0 = Debug|Any CPU
		{20176673-8A02-4D34-82D5-EEF81AD1F501}.Release|Any CPU.ActiveCfg = Release|Any CPU
		{20176673-8A02-4D34-82D5-EEF81AD1F501}.Release|Any CPU.Build.0 = Release|Any CPU
		{303E53EB-8D00-4D35-BD2A-3FB36951F29B}.Debug|Any CPU.ActiveCfg = Debug|Any CPU
		{303E53EB-8D00-4D35-BD2A-3FB36951F29B}.Debug|Any CPU.Build.0 = Debug|Any CPU
		{303E53EB-8D00-4D35-BD2A-3FB36951F29B}.Release|Any CPU.ActiveCfg = Release|Any CPU
		{303E53EB-8D00-4D35-BD2A-3FB36951F29B}.Release|Any CPU.Build.0 = Release|Any CPU
	EndGlobalSection
	GlobalSection(SolutionProperties) = preSolution
		HideSolutionNode = FALSE
	EndGlobalSection
	GlobalSection(ExtensibilityGlobals) = postSolution
		SolutionGuid = {FFDD0E81-DC3A-49BB-8817-5D16234118D4}
	EndGlobalSection
EndGlobal
