
Microsoft Visual Studio Solution File, Format Version 12.00
# Visual Studio Version 17
VisualStudioVersion = 17.4.33213.308
MinimumVisualStudioVersion = 10.0.40219.1
Project("{FAE04EC0-301F-11D3-BF4B-00C04F79EFBC}") = "Question_3C", "Question_3C\Question_3C.csproj", "{00891A5D-C02E-4832-8B80-E066A465209F}"
EndProject
Global
	GlobalSection(SolutionConfigurationPlatforms) = preSolution
		Debug|Any CPU = Debug|Any CPU
		Release|Any CPU = Release|Any CPU
	EndGlobalSection
	GlobalSection(ProjectConfigurationPlatforms) = postSolution
		{00891A5D-C02E-4832-8B80-E066A465209F}.Debug|Any CPU.ActiveCfg = Debug|Any CPU
		{00891A5D-C02E-4832-8B80-E066A465209F}.Debug|Any CPU.Build.0 = Debug|Any CPU
		{00891A5D-C02E-4832-8B80-E066A465209F}.Release|Any CPU.ActiveCfg = Release|Any CPU
		{00891A5D-C02E-4832-8B80-E066A465209F}.Release|Any CPU.Build.0 = Release|Any CPU
	EndGlobalSection
	GlobalSection(SolutionProperties) = preSolution
		HideSolutionNode = FALSE
	EndGlobalSection
	GlobalSection(ExtensibilityGlobals) = postSolution
		SolutionGuid = {FBD92AE2-0A70-43EA-9220-56FCD65D1834}
	EndGlobalSection
EndGlobal
